// !$*UTF8*$!
{
	archiveVersion = 1;
	classes = {
	};
	objectVersion = 50;
	objects = {

/* Begin PBXBuildFile section */
		D766614221D612EC0007D33F /* AppDelegate.swift in Sources */ = {isa = PBXBuildFile; fileRef = D766614121D612EC0007D33F /* AppDelegate.swift */; };
		D766614421D612EC0007D33F /* ViewController.swift in Sources */ = {isa = PBXBuildFile; fileRef = D766614321D612EC0007D33F /* ViewController.swift */; };
		D766614721D612EC0007D33F /* Main.storyboard in Resources */ = {isa = PBXBuildFile; fileRef = D766614521D612EC0007D33F /* Main.storyboard */; };
		D766614921D612ED0007D33F /* Assets.xcassets in Resources */ = {isa = PBXBuildFile; fileRef = D766614821D612ED0007D33F /* Assets.xcassets */; };
		D766614C21D612ED0007D33F /* LaunchScreen.storyboard in Resources */ = {isa = PBXBuildFile; fileRef = D766614A21D612ED0007D33F /* LaunchScreen.storyboard */; };
		D766615721D612ED0007D33F /* webviewcdmTests.swift in Sources */ = {isa = PBXBuildFile; fileRef = D766615621D612ED0007D33F /* webviewcdmTests.swift */; };
		D766616221D612ED0007D33F /* webviewcdmUITests.swift in Sources */ = {isa = PBXBuildFile; fileRef = D766616121D612ED0007D33F /* webviewcdmUITests.swift */; };
/* End PBXBuildFile section */

/* Begin PBXContainerItemProxy section */
		D766615321D612ED0007D33F /* PBXContainerItemProxy */ = {
			isa = PBXContainerItemProxy;
			containerPortal = D766613621D612EC0007D33F /* Project object */;
			proxyType = 1;
			remoteGlobalIDString = D766613D21D612EC0007D33F;
			remoteInfo = webviewcdm;
		};
		D766615E21D612ED0007D33F /* PBXContainerItemProxy */ = {
			isa = PBXContainerItemProxy;
			containerPortal = D766613621D612EC0007D33F /* Project object */;
			proxyType = 1;
			remoteGlobalIDString = D766613D21D612EC0007D33F;
			remoteInfo = webviewcdm;
		};
/* End PBXContainerItemProxy section */

/* Begin PBXFileReference section */
		D766613E21D612EC0007D33F /* webviewcdm.app */ = {isa = PBXFileReference; explicitFileType = wrapper.application; includeInIndex = 0; path = webviewcdm.app; sourceTree = BUILT_PRODUCTS_DIR; };
		D766614121D612EC0007D33F /* AppDelegate.swift */ = {isa = PBXFileReference; lastKnownFileType = sourcecode.swift; path = AppDelegate.swift; sourceTree = "<group>"; };
		D766614321D612EC0007D33F /* ViewController.swift */ = {isa = PBXFileReference; lastKnownFileType = sourcecode.swift; path = ViewController.swift; sourceTree = "<group>"; };
		D766614621D612EC0007D33F /* Base */ = {isa = PBXFileReference; lastKnownFileType = file.storyboard; name = Base; path = Base.lproj/Main.storyboard; sourceTree = "<group>"; };
		D766614821D612ED0007D33F /* Assets.xcassets */ = {isa = PBXFileReference; lastKnownFileType = folder.assetcatalog; path = Assets.xcassets; sourceTree = "<group>"; };
		D766614B21D612ED0007D33F /* Base */ = {isa = PBXFileReference; lastKnownFileType = file.storyboard; name = Base; path = Base.lproj/LaunchScreen.storyboard; sourceTree = "<group>"; };
		D766614D21D612ED0007D33F /* Info.plist */ = {isa = PBXFileReference; lastKnownFileType = text.plist.xml; path = Info.plist; sourceTree = "<group>"; };
		D766615221D612ED0007D33F /* webviewcdmTests.xctest */ = {isa = PBXFileReference; explicitFileType = wrapper.cfbundle; includeInIndex = 0; path = webviewcdmTests.xctest; sourceTree = BUILT_PRODUCTS_DIR; };
		D766615621D612ED0007D33F /* webviewcdmTests.swift */ = {isa = PBXFileReference; lastKnownFileType = sourcecode.swift; path = webviewcdmTests.swift; sourceTree = "<group>"; };
		D766615821D612ED0007D33F /* Info.plist */ = {isa = PBXFileReference; lastKnownFileType = text.plist.xml; path = Info.plist; sourceTree = "<group>"; };
		D766615D21D612ED0007D33F /* webviewcdmUITests.xctest */ = {isa = PBXFileReference; explicitFileType = wrapper.cfbundle; includeInIndex = 0; path = webviewcdmUITests.xctest; sourceTree = BUILT_PRODUCTS_DIR; };
		D766616121D612ED0007D33F /* webviewcdmUITests.swift */ = {isa = PBXFileReference; lastKnownFileType = sourcecode.swift; path = webviewcdmUITests.swift; sourceTree = "<group>"; };
		D766616321D612ED0007D33F /* Info.plist */ = {isa = PBXFileReference; lastKnownFileType = text.plist.xml; path = Info.plist; sourceTree = "<group>"; };
/* End PBXFileReference section */

/* Begin PBXFrameworksBuildPhase section */
		D766613B21D612EC0007D33F /* Frameworks */ = {
			isa = PBXFrameworksBuildPhase;
			buildActionMask = 2147483647;
			files = (
			);
			runOnlyForDeploymentPostprocessing = 0;
		};
		D766614F21D612ED0007D33F /* Frameworks */ = {
			isa = PBXFrameworksBuildPhase;
			buildActionMask = 2147483647;
			files = (
			);
			runOnlyForDeploymentPostprocessing = 0;
		};
		D766615A21D612ED0007D33F /* Frameworks */ = {
			isa = PBXFrameworksBuildPhase;
			buildActionMask = 2147483647;
			files = (
			);
			runOnlyForDeploymentPostprocessing = 0;
		};
/* End PBXFrameworksBuildPhase section */

/* Begin PBXGroup section */
		D766613521D612EC0007D33F = {
			isa = PBXGroup;
			children = (
				D766614021D612EC0007D33F /* webviewcdm */,
				D766615521D612ED0007D33F /* webviewcdmTests */,
				D766616021D612ED0007D33F /* webviewcdmUITests */,
				D766613F21D612EC0007D33F /* Products */,
			);
			sourceTree = "<group>";
		};
		D766613F21D612EC0007D33F /* Products */ = {
			isa = PBXGroup;
			children = (
				D766613E21D612EC0007D33F /* webviewcdm.app */,
				D766615221D612ED0007D33F /* webviewcdmTests.xctest */,
				D766615D21D612ED0007D33F /* webviewcdmUITests.xctest */,
			);
			name = Products;
			sourceTree = "<group>";
		};
		D766614021D612EC0007D33F /* webviewcdm */ = {
			isa = PBXGroup;
			children = (
				D766614121D612EC0007D33F /* AppDelegate.swift */,
				D766614321D612EC0007D33F /* ViewController.swift */,
				D766614521D612EC0007D33F /* Main.storyboard */,
				D766614821D612ED0007D33F /* Assets.xcassets */,
				D766614A21D612ED0007D33F /* LaunchScreen.storyboard */,
				D766614D21D612ED0007D33F /* Info.plist */,
			);
			path = webviewcdm;
			sourceTree = "<group>";
		};
		D766615521D612ED0007D33F /* webviewcdmTests */ = {
			isa = PBXGroup;
			children = (
				D766615621D612ED0007D33F /* webviewcdmTests.swift */,
				D766615821D612ED0007D33F /* Info.plist */,
			);
			path = webviewcdmTests;
			sourceTree = "<group>";
		};
		D766616021D612ED0007D33F /* webviewcdmUITests */ = {
			isa = PBXGroup;
			children = (
				D766616121D612ED0007D33F /* webviewcdmUITests.swift */,
				D766616321D612ED0007D33F /* Info.plist */,
			);
			path = webviewcdmUITests;
			sourceTree = "<group>";
		};
/* End PBXGroup section */

/* Begin PBXNativeTarget section */
		D766613D21D612EC0007D33F /* webviewcdm */ = {
			isa = PBXNativeTarget;
			buildConfigurationList = D766616621D612ED0007D33F /* Build configuration list for PBXNativeTarget "webviewcdm" */;
			buildPhases = (
				D766613A21D612EC0007D33F /* Sources */,
				D766613B21D612EC0007D33F /* Frameworks */,
				D766613C21D612EC0007D33F /* Resources */,
			);
			buildRules = (
			);
			dependencies = (
			);
			name = webviewcdm;
			productName = webviewcdm;
			productReference = D766613E21D612EC0007D33F /* webviewcdm.app */;
			productType = "com.apple.product-type.application";
		};
		D766615121D612ED0007D33F /* webviewcdmTests */ = {
			isa = PBXNativeTarget;
			buildConfigurationList = D766616921D612ED0007D33F /* Build configuration list for PBXNativeTarget "webviewcdmTests" */;
			buildPhases = (
				D766614E21D612ED0007D33F /* Sources */,
				D766614F21D612ED0007D33F /* Frameworks */,
				D766615021D612ED0007D33F /* Resources */,
			);
			buildRules = (
			);
			dependencies = (
				D766615421D612ED0007D33F /* PBXTargetDependency */,
			);
			name = webviewcdmTests;
			productName = webviewcdmTests;
			productReference = D766615221D612ED0007D33F /* webviewcdmTests.xctest */;
			productType = "com.apple.product-type.bundle.unit-test";
		};
		D766615C21D612ED0007D33F /* webviewcdmUITests */ = {
			isa = PBXNativeTarget;
			buildConfigurationList = D766616C21D612ED0007D33F /* Build configuration list for PBXNativeTarget "webviewcdmUITests" */;
			buildPhases = (
				D766615921D612ED0007D33F /* Sources */,
				D766615A21D612ED0007D33F /* Frameworks */,
				D766615B21D612ED0007D33F /* Resources */,
			);
			buildRules = (
			);
			dependencies = (
				D766615F21D612ED0007D33F /* PBXTargetDependency */,
			);
			name = webviewcdmUITests;
			productName = webviewcdmUITests;
			productReference = D766615D21D612ED0007D33F /* webviewcdmUITests.xctest */;
			productType = "com.apple.product-type.bundle.ui-testing";
		};
/* End PBXNativeTarget section */

/* Begin PBXProject section */
		D766613621D612EC0007D33F /* Project object */ = {
			isa = PBXProject;
			attributes = {
				LastSwiftUpdateCheck = 1010;
				LastUpgradeCheck = 1010;
				ORGANIZATIONNAME = 20161104575;
				TargetAttributes = {
					D766613D21D612EC0007D33F = {
						CreatedOnToolsVersion = 10.1;
					};
					D766615121D612ED0007D33F = {
						CreatedOnToolsVersion = 10.1;
						TestTargetID = D766613D21D612EC0007D33F;
					};
					D766615C21D612ED0007D33F = {
						CreatedOnToolsVersion = 10.1;
						TestTargetID = D766613D21D612EC0007D33F;
					};
				};
			};
			buildConfigurationList = D766613921D612EC0007D33F /* Build configuration list for PBXProject "webviewcdm" */;
			compatibilityVersion = "Xcode 9.3";
			developmentRegion = en;
			hasScannedForEncodings = 0;
			knownRegions = (
				en,
				Base,
			);
			mainGroup = D766613521D612EC0007D33F;
			productRefGroup = D766613F21D612EC0007D33F /* Products */;
			projectDirPath = "";
			projectRoot = "";
			targets = (
				D766613D21D612EC0007D33F /* webviewcdm */,
				D766615121D612ED0007D33F /* webviewcdmTests */,
				D766615C21D612ED0007D33F /* webviewcdmUITests */,
			);
		};
/* End PBXProject section */

/* Begin PBXResourcesBuildPhase section */
		D766613C21D612EC0007D33F /* Resources */ = {
			isa = PBXResourcesBuildPhase;
			buildActionMask = 2147483647;
			files = (
				D766614C21D612ED0007D33F /* LaunchScreen.storyboard in Resources */,
				D766614921D612ED0007D33F /* Assets.xcassets in Resources */,
				D766614721D612EC0007D33F /* Main.storyboard in Resources */,
			);
			runOnlyForDeploymentPostprocessing = 0;
		};
		D766615021D612ED0007D33F /* Resources */ = {
			isa = PBXResourcesBuildPhase;
			buildActionMask = 2147483647;
			files = (
			);
			runOnlyForDeploymentPostprocessing = 0;
		};
		D766615B21D612ED0007D33F /* Resources */ = {
			isa = PBXResourcesBuildPhase;
			buildActionMask = 2147483647;
			files = (
			);
			runOnlyForDeploymentPostprocessing = 0;
		};
/* End PBXResourcesBuildPhase section */

/* Begin PBXSourcesBuildPhase section */
		D766613A21D612EC0007D33F /* Sources */ = {
			isa = PBXSourcesBuildPhase;
			buildActionMask = 2147483647;
			files = (
				D766614421D612EC0007D33F /* ViewController.swift in Sources */,
				D766614221D612EC0007D33F /* AppDelegate.swift in Sources */,
			);
			runOnlyForDeploymentPostprocessing = 0;
		};
		D766614E21D612ED0007D33F /* Sources */ = {
			isa = PBXSourcesBuildPhase;
			buildActionMask = 2147483647;
			files = (
				D766615721D612ED0007D33F /* webviewcdmTests.swift in Sources */,
			);
			runOnlyForDeploymentPostprocessing = 0;
		};
		D766615921D612ED0007D33F /* Sources */ = {
			isa = PBXSourcesBuildPhase;
			buildActionMask = 2147483647;
			files = (
				D766616221D612ED0007D33F /* webviewcdmUITests.swift in Sources */,
			);
			runOnlyForDeploymentPostprocessing = 0;
		};
/* End PBXSourcesBuildPhase section */

/* Begin PBXTargetDependency section */
		D766615421D612ED0007D33F /* PBXTargetDependency */ = {
			isa = PBXTargetDependency;
			target = D766613D21D612EC0007D33F /* webviewcdm */;
			targetProxy = D766615321D612ED0007D33F /* PBXContainerItemProxy */;
		};
		D766615F21D612ED0007D33F /* PBXTargetDependency */ = {
			isa = PBXTargetDependency;
			target = D766613D21D612EC0007D33F /* webviewcdm */;
			targetProxy = D766615E21D612ED0007D33F /* PBXContainerItemProxy */;
		};
/* End PBXTargetDependency section */

/* Begin PBXVariantGroup section */
		D766614521D612EC0007D33F /* Main.storyboard */ = {
			isa = PBXVariantGroup;
			children = (
				D766614621D612EC0007D33F /* Base */,
			);
			name = Main.storyboard;
			sourceTree = "<group>";
		};
		D766614A21D612ED0007D33F /* LaunchScreen.storyboard */ = {
			isa = PBXVariantGroup;
			children = (
				D766614B21D612ED0007D33F /* Base */,
			);
			name = LaunchScreen.storyboard;
			sourceTree = "<group>";
		};
/* End PBXVariantGroup section */

/* Begin XCBuildConfiguration section */
		D766616421D612ED0007D33F /* Debug */ = {
			isa = XCBuildConfiguration;
			buildSettings = {
				ALWAYS_SEARCH_USER_PATHS = NO;
				CLANG_ANALYZER_NONNULL = YES;
				CLANG_ANALYZER_NUMBER_OBJECT_CONVERSION = YES_AGGRESSIVE;
				CLANG_CXX_LANGUAGE_STANDARD = "gnu++14";
				CLANG_CXX_LIBRARY = "libc++";
				CLANG_ENABLE_MODULES = YES;
				CLANG_ENABLE_OBJC_ARC = YES;
				CLANG_ENABLE_OBJC_WEAK = YES;
				CLANG_WARN_BLOCK_CAPTURE_AUTORELEASING = YES;
				CLANG_WARN_BOOL_CONVERSION = YES;
				CLANG_WARN_COMMA = YES;
				CLANG_WARN_CONSTANT_CONVERSION = YES;
				CLANG_WARN_DEPRECATED_OBJC_IMPLEMENTATIONS = YES;
				CLANG_WARN_DIRECT_OBJC_ISA_USAGE = YES_ERROR;
				CLANG_WARN_DOCUMENTATION_COMMENTS = YES;
				CLANG_WARN_EMPTY_BODY = YES;
				CLANG_WARN_ENUM_CONVERSION = YES;
				CLANG_WARN_INFINITE_RECURSION = YES;
				CLANG_WARN_INT_CONVERSION = YES;
				CLANG_WARN_NON_LITERAL_NULL_CONVERSION = YES;
				CLANG_WARN_OBJC_IMPLICIT_RETAIN_SELF = YES;
				CLANG_WARN_OBJC_LITERAL_CONVERSION = YES;
				CLANG_WARN_OBJC_ROOT_CLASS = YES_ERROR;
				CLANG_WARN_RANGE_LOOP_ANALYSIS = YES;
				CLANG_WARN_STRICT_PROTOTYPES = YES;
				CLANG_WARN_SUSPICIOUS_MOVE = YES;
				CLANG_WARN_UNGUARDED_AVAILABILITY = YES_AGGRESSIVE;
				CLANG_WARN_UNREACHABLE_CODE = YES;
				CLANG_WARN__DUPLICATE_METHOD_MATCH = YES;
				CODE_SIGN_IDENTITY = "iPhone Developer";
				COPY_PHASE_STRIP = NO;
				DEBUG_INFORMATION_FORMAT = dwarf;
				ENABLE_STRICT_OBJC_MSGSEND = YES;
				ENABLE_TESTABILITY = YES;
				GCC_C_LANGUAGE_STANDARD = gnu11;
				GCC_DYNAMIC_NO_PIC = NO;
				GCC_NO_COMMON_BLOCKS = YES;
				GCC_OPTIMIZATION_LEVEL = 0;
				GCC_PREPROCESSOR_DEFINITIONS = (
					"DEBUG=1",
					"$(inherited)",
				);
				GCC_WARN_64_TO_32_BIT_CONVERSION = YES;
				GCC_WARN_ABOUT_RETURN_TYPE = YES_ERROR;
				GCC_WARN_UNDECLARED_SELECTOR = YES;
				GCC_WARN_UNINITIALIZED_AUTOS = YES_AGGRESSIVE;
				GCC_WARN_UNUSED_FUNCTION = YES;
				GCC_WARN_UNUSED_VARIABLE = YES;
				IPHONEOS_DEPLOYMENT_TARGET = 12.1;
				MTL_ENABLE_DEBUG_INFO = INCLUDE_SOURCE;
				MTL_FAST_MATH = YES;
				ONLY_ACTIVE_ARCH = YES;
				SDKROOT = iphoneos;
				SWIFT_ACTIVE_COMPILATION_CONDITIONS = DEBUG;
				SWIFT_OPTIMIZATION_LEVEL = "-Onone";
			};
			name = Debug;
		};
		D766616521D612ED0007D33F /* Release */ = {
			isa = XCBuildConfiguration;
			buildSettings = {
				ALWAYS_SEARCH_USER_PATHS = NO;
				CLANG_ANALYZER_NONNULL = YES;
				CLANG_ANALYZER_NUMBER_OBJECT_CONVERSION = YES_AGGRESSIVE;
				CLANG_CXX_LANGUAGE_STANDARD = "gnu++14";
				CLANG_CXX_LIBRARY = "libc++";
				CLANG_ENABLE_MODULES = YES;
				CLANG_ENABLE_OBJC_ARC = YES;
				CLANG_ENABLE_OBJC_WEAK = YES;
				CLANG_WARN_BLOCK_CAPTURE_AUTORELEASING = YES;
				CLANG_WARN_BOOL_CONVERSION = YES;
				CLANG_WARN_COMMA = YES;
				CLANG_WARN_CONSTANT_CONVERSION = YES;
				CLANG_WARN_DEPRECATED_OBJC_IMPLEMENTATIONS = YES;
				CLANG_WARN_DIRECT_OBJC_ISA_USAGE = YES_ERROR;
				CLANG_WARN_DOCUMENTATION_COMMENTS = YES;
				CLANG_WARN_EMPTY_BODY = YES;
				CLANG_WARN_ENUM_CONVERSION = YES;
				CLANG_WARN_INFINITE_RECURSION = YES;
				CLANG_WARN_INT_CONVERSION = YES;
				CLANG_WARN_NON_LITERAL_NULL_CONVERSION = YES;
				CLANG_WARN_OBJC_IMPLICIT_RETAIN_SELF = YES;
				CLANG_WARN_OBJC_LITERAL_CONVERSION = YES;
				CLANG_WARN_OBJC_ROOT_CLASS = YES_ERROR;
				CLANG_WARN_RANGE_LOOP_ANALYSIS = YES;
				CLANG_WARN_STRICT_PROTOTYPES = YES;
				CLANG_WARN_SUSPICIOUS_MOVE = YES;
				CLANG_WARN_UNGUARDED_AVAILABILITY = YES_AGGRESSIVE;
				CLANG_WARN_UNREACHABLE_CODE = YES;
				CLANG_WARN__DUPLICATE_METHOD_MATCH = YES;
				CODE_SIGN_IDENTITY = "iPhone Developer";
				COPY_PHASE_STRIP = NO;
				DEBUG_INFORMATION_FORMAT = "dwarf-with-dsym";
				ENABLE_NS_ASSERTIONS = NO;
				ENABLE_STRICT_OBJC_MSGSEND = YES;
				GCC_C_LANGUAGE_STANDARD = gnu11;
				GCC_NO_COMMON_BLOCKS = YES;
				GCC_WARN_64_TO_32_BIT_CONVERSION = YES;
				GCC_WARN_ABOUT_RETURN_TYPE = YES_ERROR;
				GCC_WARN_UNDECLARED_SELECTOR = YES;
				GCC_WARN_UNINITIALIZED_AUTOS = YES_AGGRESSIVE;
				GCC_WARN_UNUSED_FUNCTION = YES;
				GCC_WARN_UNUSED_VARIABLE = YES;
				IPHONEOS_DEPLOYMENT_TARGET = 12.1;
				MTL_ENABLE_DEBUG_INFO = NO;
				MTL_FAST_MATH = YES;
				SDKROOT = iphoneos;
				SWIFT_COMPILATION_MODE = wholemodule;
				SWIFT_OPTIMIZATION_LEVEL = "-O";
				VALIDATE_PRODUCT = YES;
			};
			name = Release;
		};
		D766616721D612ED0007D33F /* Debug */ = {
			isa = XCBuildConfiguration;
			buildSettings = {
				ASSETCATALOG_COMPILER_APPICON_NAME = AppIcon;
				CODE_SIGN_STYLE = Automatic;
				INFOPLIST_FILE = webviewcdm/Info.plist;
				LD_RUNPATH_SEARCH_PATHS = (
					"$(inherited)",
					"@executable_path/Frameworks",
				);
				PRODUCT_BUNDLE_IDENTIFIER = imnu.edu.cn.webviewcdm;
				PRODUCT_NAME = "$(TARGET_NAME)";
				SWIFT_VERSION = 4.2;
				TARGETED_DEVICE_FAMILY = "1,2";
			};
			name = Debug;
		};
		D766616821D612ED0007D33F /* Release */ = {
			isa = XCBuildConfiguration;
			buildSettings = {
				ASSETCATALOG_COMPILER_APPICON_NAME = AppIcon;
				CODE_SIGN_STYLE = Automatic;
				INFOPLIST_FILE = webviewcdm/Info.plist;
				LD_RUNPATH_SEARCH_PATHS = (
					"$(inherited)",
					"@executable_path/Frameworks",
				);
				PRODUCT_BUNDLE_IDENTIFIER = imnu.edu.cn.webviewcdm;
				PRODUCT_NAME = "$(TARGET_NAME)";
				SWIFT_VERSION = 4.2;
				TARGETED_DEVICE_FAMILY = "1,2";
			};
			name = Release;
		};
		D766616A21D612ED0007D33F /* Debug */ = {
			isa = XCBuildConfiguration;
			buildSettings = {
				ALWAYS_EMBED_SWIFT_STANDARD_LIBRARIES = YES;
				BUNDLE_LOADER = "$(TEST_HOST)";
				CODE_SIGN_STYLE = Automatic;
				INFOPLIST_FILE = webviewcdmTests/Info.plist;
				LD_RUNPATH_SEARCH_PATHS = (
					"$(inherited)",
					"@executable_path/Frameworks",
					"@loader_path/Frameworks",
				);
				PRODUCT_BUNDLE_IDENTIFIER = imnu.edu.cn.webviewcdmTests;
				PRODUCT_NAME = "$(TARGET_NAME)";
				SWIFT_VERSION = 4.2;
				TARGETED_DEVICE_FAMILY = "1,2";
				TEST_HOST = "$(BUILT_PRODUCTS_DIR)/webviewcdm.app/webviewcdm";
			};
			name = Debug;
		};
		D766616B21D612ED0007D33F /* Release */ = {
			isa = XCBuildConfiguration;
			buildSettings = {
				ALWAYS_EMBED_SWIFT_STANDARD_LIBRARIES = YES;
				BUNDLE_LOADER = "$(TEST_HOST)";
				CODE_SIGN_STYLE = Automatic;
				INFOPLIST_FILE = webviewcdmTests/Info.plist;
				LD_RUNPATH_SEARCH_PATHS = (
					"$(inherited)",
					"@executable_path/Frameworks",
					"@loader_path/Frameworks",
				);
				PRODUCT_BUNDLE_IDENTIFIER = imnu.edu.cn.webviewcdmTests;
				PRODUCT_NAME = "$(TARGET_NAME)";
				SWIFT_VERSION = 4.2;
				TARGETED_DEVICE_FAMILY = "1,2";
				TEST_HOST = "$(BUILT_PRODUCTS_DIR)/webviewcdm.app/webviewcdm";
			};
			name = Release;
		};
		D766616D21D612ED0007D33F /* Debug */ = {
			isa = XCBuildConfiguration;
			buildSettings = {
				ALWAYS_EMBED_SWIFT_STANDARD_LIBRARIES = YES;
				CODE_SIGN_STYLE = Automatic;
				INFOPLIST_FILE = webviewcdmUITests/Info.plist;
				LD_RUNPATH_SEARCH_PATHS = (
					"$(inherited)",
					"@executable_path/Frameworks",
					"@loader_path/Frameworks",
				);
				PRODUCT_BUNDLE_IDENTIFIER = imnu.edu.cn.webviewcdmUITests;
				PRODUCT_NAME = "$(TARGET_NAME)";
				SWIFT_VERSION = 4.2;
				TARGETED_DEVICE_FAMILY = "1,2";
				TEST_TARGET_NAME = webviewcdm;
			};
			name = Debug;
		};
		D766616E21D612ED0007D33F /* Release */ = {
			isa = XCBuildConfiguration;
			buildSettings = {
				ALWAYS_EMBED_SWIFT_STANDARD_LIBRARIES = YES;
				CODE_SIGN_STYLE = Automatic;
				INFOPLIST_FILE = webviewcdmUITests/Info.plist;
				LD_RUNPATH_SEARCH_PATHS = (
					"$(inherited)",
					"@executable_path/Frameworks",
					"@loader_path/Frameworks",
				);
				PRODUCT_BUNDLE_IDENTIFIER = imnu.edu.cn.webviewcdmUITests;
				PRODUCT_NAME = "$(TARGET_NAME)";
				SWIFT_VERSION = 4.2;
				TARGETED_DEVICE_FAMILY = "1,2";
				TEST_TARGET_NAME = webviewcdm;
			};
			name = Release;
		};
/* End XCBuildConfiguration section */

/* Begin XCConfigurationList section */
		D766613921D612EC0007D33F /* Build configuration list for PBXProject "webviewcdm" */ = {
			isa = XCConfigurationList;
			buildConfigurations = (
				D766616421D612ED0007D33F /* Debug */,
				D766616521D612ED0007D33F /* Release */,
			);
			defaultConfigurationIsVisible = 0;
			defaultConfigurationName = Release;
		};
		D766616621D612ED0007D33F /* Build configuration list for PBXNativeTarget "webviewcdm" */ = {
			isa = XCConfigurationList;
			buildConfigurations = (
				D766616721D612ED0007D33F /* Debug */,
				D766616821D612ED0007D33F /* Release */,
			);
			defaultConfigurationIsVisible = 0;
			defaultConfigurationName = Release;
		};
		D766616921D612ED0007D33F /* Build configuration list for PBXNativeTarget "webviewcdmTests" */ = {
			isa = XCConfigurationList;
			buildConfigurations = (
				D766616A21D612ED0007D33F /* Debug */,
				D766616B21D612ED0007D33F /* Release */,
			);
			defaultConfigurationIsVisible = 0;
			defaultConfigurationName = Release;
		};
		D766616C21D612ED0007D33F /* Build configuration list for PBXNativeTarget "webviewcdmUITests" */ = {
			isa = XCConfigurationList;
			buildConfigurations = (
				D766616D21D612ED0007D33F /* Debug */,
				D766616E21D612ED0007D33F /* Release */,
			);
			defaultConfigurationIsVisible = 0;
			defaultConfigurationName = Release;
		};
/* End XCConfigurationList section */
	};
	rootObject = D766613621D612EC0007D33F /* Project object */;
}
